<?xml version="1.0" encoding="utf-8"?>
<Project xmlns="http://schemas.microsoft.com/developer/msbuild/2003" ToolsVersion="4.0">
  <ItemGroup>
    <Filter Include="Header Files">
      <UniqueIdentifier>{4D1BFFCC-9CEB-4ABF-A951-582870FE71FD}</UniqueIdentifier>
      <Extensions>h;hpp;hxx;hm;inl;inc;xsd</Extensions>
    </Filter>
    <Filter Include="Header Files\TouchGFX">
      <UniqueIdentifier>{29C60541-803D-4F43-8683-028D9DA5E0CB}</UniqueIdentifier>
    </Filter>
    <Filter Include="Header Files\TouchGFX\common">
      <UniqueIdentifier>{AF2BF67C-89EC-4545-B0D2-5BD6803628D4}</UniqueIdentifier>
    </Filter>
    <Filter Include="Header Files\TouchGFX\mvp">
      <UniqueIdentifier>{A8F51E02-A400-49F1-AC86-371872A7E5E6}</UniqueIdentifier>
    </Filter>
    <Filter Include="Header Files\TouchGFX\platform">
      <UniqueIdentifier>{493CF637-721C-4516-8638-3EE4790FB455}</UniqueIdentifier>
    </Filter>
    <Filter Include="Header Files\TouchGFX\touchgfx">
      <UniqueIdentifier>{7187028B-6482-4EB3-8556-EECD38E0636B}</UniqueIdentifier>
    </Filter>
    <Filter Include="Header Files\TouchGFX\platform\driver">
      <UniqueIdentifier>{D2E6B448-6B79-434F-A8EB-C8F8415957E9}</UniqueIdentifier>
    </Filter>
    <Filter Include="Header Files\TouchGFX\platform\hal">
      <UniqueIdentifier>{07737357-9365-4A8F-B2F6-908B5FC4E808}</UniqueIdentifier>
    </Filter>
    <Filter Include="Header Files\TouchGFX\touchgfx\canvas_widget_renderer">
      <UniqueIdentifier>{085B248B-6BE1-4BF8-9913-35526BAEE4C7}</UniqueIdentifier>
    </Filter>
    <Filter Include="Header Files\TouchGFX\touchgfx\containers">
      <UniqueIdentifier>{E08C6B18-2F0E-4861-87D5-80FB0411017E}</UniqueIdentifier>
    </Filter>
    <Filter Include="Header Files\TouchGFX\touchgfx\events">
      <UniqueIdentifier>{29D72404-E5CB-472C-B00F-3784DF3CCD1E}</UniqueIdentifier>
    </Filter>
    <Filter Include="Header Files\TouchGFX\touchgfx\hal">
      <UniqueIdentifier>{09561B72-532B-45EB-8E32-CAA31C349F83}</UniqueIdentifier>
    </Filter>
    <Filter Include="Header Files\TouchGFX\touchgfx\lcd">
      <UniqueIdentifier>{A89B6308-CBC1-48EC-BF14-B3C6106FACCE}</UniqueIdentifier>
    </Filter>
    <Filter Include="Header Files\TouchGFX\touchgfx\mixins">
      <UniqueIdentifier>{DB82A963-BE52-4494-BD5E-358C5E79C081}</UniqueIdentifier>
    </Filter>
    <Filter Include="Header Files\TouchGFX\touchgfx\transforms">
      <UniqueIdentifier>{509E01BB-FBF4-4198-B748-936C1B67839A}</UniqueIdentifier>
    </Filter>
    <Filter Include="Header Files\TouchGFX\touchgfx\transitions">
      <UniqueIdentifier>{3F023E56-225A-4D4C-9D20-74447A23BAD9}</UniqueIdentifier>
    </Filter>
    <Filter Include="Header Files\TouchGFX\touchgfx\widgets">
      <UniqueIdentifier>{0E9A8FD3-B71B-46B9-B1F6-3A18292FFAC4}</UniqueIdentifier>
    </Filter>
    <Filter Include="Header Files\TouchGFX\platform\driver\lcd">
      <UniqueIdentifier>{9B32A742-EBA9-4EBA-832E-0421D7E68BC5}</UniqueIdentifier>
    </Filter>
    <Filter Include="Header Files\TouchGFX\platform\driver\touch">
      <UniqueIdentifier>{8C31441B-2191-4B32-869D-7B253AECB28F}</UniqueIdentifier>
    </Filter>
    <Filter Include="Header Files\TouchGFX\platform\hal\simulator">
      <UniqueIdentifier>{464CC9FB-AFF6-4FFA-B4D8-BCAC4B2B8898}</UniqueIdentifier>
    </Filter>
    <Filter Include="Header Files\TouchGFX\touchgfx\containers\clock">
      <UniqueIdentifier>{B7237C13-DD69-4F78-8446-9A554431E3F8}</UniqueIdentifier>
    </Filter>
    <Filter Include="Header Files\TouchGFX\touchgfx\containers\progress_indicators">
      <UniqueIdentifier>{5E0E884F-0059-4306-94BA-3197219750E3}</UniqueIdentifier>
    </Filter>
    <Filter Include="Header Files\TouchGFX\touchgfx\widgets\canvas">
      <UniqueIdentifier>{DBFF640A-BD63-40BC-A0A5-2468BC461037}</UniqueIdentifier>
    </Filter>
    <Filter Include="Header Files\TouchGFX\platform\hal\simulator\sdl2">
      <UniqueIdentifier>{EA3962C0-553C-4CFD-A89B-A116A9493818}</UniqueIdentifier>
    </Filter>
    <Filter Include="Header Files\generated">
      <UniqueIdentifier>{29C60541-803D-4F44-8783-028D9DA5E0CC}</UniqueIdentifier>
    </Filter>
    <Filter Include="Header Files\generated\simulator">
      <UniqueIdentifier>{29C60541-803D-4F43-8683-028D9DA5E0CC}</UniqueIdentifier>
    </Filter>
    <Filter Include="Resource Files">
      <UniqueIdentifier>{92BBFF14-FBDB-4755-BA47-A830D863D92B}</UniqueIdentifier>
      <Extensions>rc;ico;cur;bmp;dlg;rc2;rct;bin;rgs;gif;jpg;jpeg;jpe;resx;tiff;tif;ttf;otf;bdf;png;wav;xml;props;mfcribbon-ms</Extensions>
    </Filter>
    <Filter Include="Resource Files\assets">
      <UniqueIdentifier>{AF899B0F-78BE-47F9-A912-E92CB9156E40}</UniqueIdentifier>
    </Filter>
    <Filter Include="Resource Files\config">
      <UniqueIdentifier>{29E8A9F8-6504-4625-AB47-671A3F665E51}</UniqueIdentifier>
    </Filter>
    <Filter Include="Resource Files\assets\texts">
      <UniqueIdentifier>{382278FD-2B19-4E89-AE4F-24AF77E7A270}</UniqueIdentifier>
    </Filter>
    <Filter Include="Resource Files\config\msvs">
      <UniqueIdentifier>{C24EAEDB-9A3F-43DC-87FB-C7AC2729A078}</UniqueIdentifier>
    </Filter>
    <Filter Include="Source Files">
      <UniqueIdentifier>{2F3FC0AA-97C4-4366-9939-94A0FF4E028C}</UniqueIdentifier>
      <Extensions>cpp;c;cc;cxx;def;odl;idl;hpj;bat;asm;asmx</Extensions>
    </Filter>
    <Filter Include="Source Files\TouchGFX">
      <UniqueIdentifier>{C07B02A9-A55E-47AA-AD61-59A6AAD754E6}</UniqueIdentifier>
    </Filter>
    <Filter Include="Source Files\TouchGFX\platform">
      <UniqueIdentifier>{33EDC2DB-AF72-480C-92E5-2A2833BCAB6F}</UniqueIdentifier>
    </Filter>
    <Filter Include="Source Files\TouchGFX\platform\driver">
      <UniqueIdentifier>{1D8EFD90-430A-4539-9080-16A38861D20A}</UniqueIdentifier>
    </Filter>
    <Filter Include="Source Files\TouchGFX\platform\hal">
      <UniqueIdentifier>{E8DECBF2-0C8E-4397-8603-3101D6F922D6}</UniqueIdentifier>
    </Filter>
    <Filter Include="Source Files\TouchGFX\platform\driver\touch">
      <UniqueIdentifier>{40F0D55D-79D9-488A-AF83-ADC96179EADF}</UniqueIdentifier>
    </Filter>
    <Filter Include="Source Files\TouchGFX\platform\hal\simulator">
      <UniqueIdentifier>{3FB50DD5-31DA-4042-B7FD-2151C58CDA80}</UniqueIdentifier>
    </Filter>
    <Filter Include="Source Files\TouchGFX\platform\hal\simulator\sdl2">
      <UniqueIdentifier>{B48CB42B-0F9E-4815-BFE1-1ACC1150ED8A}</UniqueIdentifier>
    </Filter>
    <Filter Include="Source Files\simulator">
      <UniqueIdentifier>{C07B03A9-A55E-47AA-AD61-59A6AAD754E6}</UniqueIdentifier>
    </Filter>
    <Filter Include="Source Files\generated">
      <UniqueIdentifier>{C07B02B9-A55E-47AB-AD61-59A6AAD754E6}</UniqueIdentifier>
    </Filter>
    <Filter Include="Source Files\generated\simulator">
      <UniqueIdentifier>{C07B02B9-A55E-47AA-AD61-59A6AAD754E6}</UniqueIdentifier>
    </Filter>
    <Filter Include="Header Files\gui">
      <UniqueIdentifier>E1C37BC4-97F1-F6B0-A682-3F6690A96DA5</UniqueIdentifier>
    </Filter>
    <Filter Include="Source Files\gui">
      <UniqueIdentifier>32FFFB5B-6A13-F7E6-ABED-3F3784D7C737</UniqueIdentifier>
    </Filter>
    <Filter Include="Header Files\gui\model">
      <UniqueIdentifier>C7D3245F-9465-F122-0E57-5E29FCE103DD</UniqueIdentifier>
    </Filter>
    <Filter Include="Source Files\gui\model">
      <UniqueIdentifier>877A9A87-53A2-EF8A-45FB-8197490A9369</UniqueIdentifier>
    </Filter>
    <Filter Include="Source Files\gui\screen1_screen">
      <UniqueIdentifier>7F8FEB89-7383-B665-BF2B-60C6E55F32C6</UniqueIdentifier>
    </Filter>
    <Filter Include="Header Files\generated\gui_generated">
      <UniqueIdentifier>87F9BFE5-F8EB-714B-90E0-9A50830D9542</UniqueIdentifier>
    </Filter>
    <Filter Include="Header Files\gui\common">
      <UniqueIdentifier>F30F80DE-F572-CC0F-787F-67B7B65E3FAD</UniqueIdentifier>
    </Filter>
    <Filter Include="Header Files\gui\screen1_screen">
      <UniqueIdentifier>A20F5551-3ED7-7024-5833-1F6F544DB8EF</UniqueIdentifier>
    </Filter>
    <Filter Include="Source Files\generated\gui_generated">
      <UniqueIdentifier>4D26B2B0-F68F-8A89-FDD5-CEDAA66872E3</UniqueIdentifier>
    </Filter>
    <Filter Include="Source Files\gui\common">
      <UniqueIdentifier>F29E7793-6A22-3326-2DC6-D6847666A91D</UniqueIdentifier>
    </Filter>
    <Filter Include="Source Files\generated\gui_generated\screen1_screen">
      <UniqueIdentifier>676434FD-68D8-0B75-1C11-8E98CA58D671</UniqueIdentifier>
    </Filter>
    <Filter Include="Header Files\generated\gui_generated\screen1_screen">
      <UniqueIdentifier>B4C3882B-8A70-21EB-5D67-17337529CC67</UniqueIdentifier>
    </Filter>
    <Filter Include="Header Files\generated\simulator\include">
      <UniqueIdentifier>77A8E0ED-CBBF-00A3-79E2-62B8AF0E6074</UniqueIdentifier>
    </Filter>
    <Filter Include="Header Files\generated\gui_generated\common">
      <UniqueIdentifier>9C09B8E2-8C88-CA25-EC98-E9FA62975DCA</UniqueIdentifier>
    </Filter>
    <Filter Include="Source Files\generated\gui_generated\common">
      <UniqueIdentifier>87188EC7-0309-0460-2C14-A900D14727F8</UniqueIdentifier>
    </Filter>
    <Filter Include="Source Files\generated\simulator\video">
      <UniqueIdentifier>50F3C292-10F7-30A4-C858-8F6D3EE5104E</UniqueIdentifier>
    </Filter>
    <Filter Include="Header Files\generated\simulator\include\simulator">
      <UniqueIdentifier>E7FB2803-74B7-BBEE-A9A1-341889129FE0</UniqueIdentifier>
    </Filter>
    <Filter Include="Header Files\generated\simulator\include\simulator\video">
      <UniqueIdentifier>7942BF63-7D15-B60F-608C-E7F638E26913</UniqueIdentifier>
    </Filter>
    <Filter Include="Header Files\gui\menu_screen">
      <UniqueIdentifier>FECD03B5-D648-F75E-9A8E-22C54219BD51</UniqueIdentifier>
    </Filter>
    <Filter Include="Source Files\gui\menu_screen">
      <UniqueIdentifier>1D142B0B-D228-C2BF-C1C3-F36FF7745482</UniqueIdentifier>
    </Filter>
    <Filter Include="Source Files\gui\screen2_screen">
      <UniqueIdentifier>FC7B0C90-E2BA-BA9F-4A05-31C884C9D343</UniqueIdentifier>
    </Filter>
    <Filter Include="Header Files\gui\screen2_screen">
      <UniqueIdentifier>7130D990-A695-C136-0912-24E4547DAD8E</UniqueIdentifier>
    </Filter>
    <Filter Include="Source Files\generated\gui_generated\screen2_screen">
      <UniqueIdentifier>0A242580-AF0B-909D-3ABD-CC839C9F6C13</UniqueIdentifier>
    </Filter>
    <Filter Include="Header Files\generated\gui_generated\screen2_screen">
      <UniqueIdentifier>26A34754-0D02-562A-F8C2-B3A557CBF33E</UniqueIdentifier>
    </Filter>
    <Filter Include="Header Files\generated\gui_generated\menu_screen">
      <UniqueIdentifier>A37FE8CF-41CA-EA8D-E7BA-A26AF2DB50AF</UniqueIdentifier>
    </Filter>
    <Filter Include="Source Files\generated\gui_generated\menu_screen">
      <UniqueIdentifier>F6965A9D-B623-7322-8C2B-A7EA18BB1F05</UniqueIdentifier>
    </Filter>
    <Filter Include="Source Files\gui\cadastro_screen">
      <UniqueIdentifier>256968EC-42CF-C8A8-B547-353CD6305FD6</UniqueIdentifier>
    </Filter>
    <Filter Include="Header Files\gui\cadastro_screen">
      <UniqueIdentifier>F27EC7D3-2A26-487D-3D52-19345E30BDB3</UniqueIdentifier>
    </Filter>
    <Filter Include="Header Files\gui\instrucoes_screen">
      <UniqueIdentifier>558D8DA4-BBC1-A03E-EB8E-888E0EBCF9AD</UniqueIdentifier>
    </Filter>
    <Filter Include="Source Files\gui\instrucoes_screen">
      <UniqueIdentifier>D4A32DAB-D86F-88DA-13E9-9534F5CC49FF</UniqueIdentifier>
    </Filter>
    <Filter Include="Source Files\gui\configuracoes_screen">
      <UniqueIdentifier>1E686206-BF40-059A-E1CA-CB68E16E1D2F</UniqueIdentifier>
    </Filter>
    <Filter Include="Header Files\gui\configuracoes_screen">
      <UniqueIdentifier>C3CF43D5-7466-8BA1-DBE1-F4997E74B997</UniqueIdentifier>
    </Filter>
    <Filter Include="Header Files\generated\gui_generated\configuracoes_screen">
      <UniqueIdentifier>2AE3966E-F4E6-B4BB-8509-BE43D5F3C890</UniqueIdentifier>
    </Filter>
    <Filter Include="Header Files\generated\gui_generated\cadastro_screen">
      <UniqueIdentifier>6501163C-EEA1-A9C4-5AB5-948AFEB8D9ED</UniqueIdentifier>
    </Filter>
    <Filter Include="Source Files\generated\gui_generated\instrucoes_screen">
      <UniqueIdentifier>C0FC65B5-680C-5275-BE1D-C8F7E8CFF41C</UniqueIdentifier>
    </Filter>
    <Filter Include="Source Files\generated\gui_generated\cadastro_screen">
      <UniqueIdentifier>1595B8D0-C282-EDB5-5D1D-394F2876D770</UniqueIdentifier>
    </Filter>
    <Filter Include="Header Files\generated\gui_generated\instrucoes_screen">
      <UniqueIdentifier>A06BDADD-A2D5-88F0-74D4-22880C81C2D9</UniqueIdentifier>
    </Filter>
    <Filter Include="Source Files\generated\gui_generated\configuracoes_screen">
      <UniqueIdentifier>7269596C-D4EC-33A4-36AF-B4C94C29E066</UniqueIdentifier>
    </Filter>
    <Filter Include="Source Files\gui\containers">
      <UniqueIdentifier>3090A8DE-CF1E-EB89-EF53-87F094CAF15B</UniqueIdentifier>
    </Filter>
    <Filter Include="Header Files\gui\containers">
      <UniqueIdentifier>9E813F74-E43F-D754-AA9B-D4263468080E</UniqueIdentifier>
    </Filter>
    <Filter Include="Header Files\generated\gui_generated\containers">
      <UniqueIdentifier>736EABC2-F555-01CF-4B05-1CCD9A838D38</UniqueIdentifier>
    </Filter>
    <Filter Include="Source Files\generated\gui_generated\containers">
      <UniqueIdentifier>43CE4D7C-31D4-A4A0-FE17-7213074C621A</UniqueIdentifier>
    </Filter>
    <Filter Include="Header Files\gui\screenkeyboard_screen">
      <UniqueIdentifier>04699425-3FA8-8DED-81E9-0C047B85F1D3</UniqueIdentifier>
    </Filter>
    <Filter Include="Source Files\gui\screenkeyboard_screen">
      <UniqueIdentifier>73592AC6-4A16-C63B-DFE9-601BAAD43366</UniqueIdentifier>
    </Filter>
    <Filter Include="Source Files\generated\gui_generated\screenkeyboard_screen">
      <UniqueIdentifier>132E3B2D-06B0-46E6-5F71-80B51D7CF129</UniqueIdentifier>
    </Filter>
    <Filter Include="Header Files\generated\gui_generated\screenkeyboard_screen">
      <UniqueIdentifier>0D8A0ACE-0F49-433B-9E19-B207816920F6</UniqueIdentifier>
    </Filter>
    <Filter Include="Source Files\gui\novopaciente_screen">
      <UniqueIdentifier>64E6E37C-8443-105F-A274-A7AD19B36EF7</UniqueIdentifier>
    </Filter>
    <Filter Include="Header Files\gui\novopaciente_screen">
      <UniqueIdentifier>9362D1B3-5B5A-3E02-5F1A-4ADD7E73D26C</UniqueIdentifier>
    </Filter>
    <Filter Include="Header Files\generated\gui_generated\novopaciente_screen">
      <UniqueIdentifier>74CBEF2F-8D5C-6677-F2CE-1F54FA4F5B4E</UniqueIdentifier>
    </Filter>
    <Filter Include="Source Files\generated\gui_generated\novopaciente_screen">
      <UniqueIdentifier>F9C2BC09-CE5E-CD08-7A40-2AAAFA3D5527</UniqueIdentifier>
    </Filter>
    <Filter Include="Source Files\gui\configuracoes_ads1198_screen">
      <UniqueIdentifier>C8BD403B-AB71-7ADA-C022-FB7C1AE78B18</UniqueIdentifier>
    </Filter>
    <Filter Include="Header Files\gui\configuracoes_ads1198_screen">
      <UniqueIdentifier>37811AC0-EDAF-3306-565C-DD8C3577557A</UniqueIdentifier>
    </Filter>
    <Filter Include="Source Files\gui\configuracoes_extras_screen">
      <UniqueIdentifier>0B1D7079-FAA9-FE20-73F8-E7430CB24293</UniqueIdentifier>
    </Filter>
    <Filter Include="Header Files\gui\configuracoes_extras_screen">
      <UniqueIdentifier>54D5FEC5-918F-BA52-0F65-F714357B83C0</UniqueIdentifier>
    </Filter>
    <Filter Include="Header Files\generated\gui_generated\configuracoes_extras_screen">
      <UniqueIdentifier>C6302CDE-F2D5-2D8B-B878-DE9357675D2C</UniqueIdentifier>
    </Filter>
    <Filter Include="Source Files\generated\gui_generated\configuracoes_extras_screen">
      <UniqueIdentifier>A8ACD372-D2A2-C1F3-32C7-203B64E46ECA</UniqueIdentifier>
    </Filter>
    <Filter Include="Header Files\generated\gui_generated\configuracoes_ads1198_screen">
      <UniqueIdentifier>126D4879-CF7B-7935-3289-D2448E479659</UniqueIdentifier>
    </Filter>
    <Filter Include="Source Files\generated\gui_generated\configuracoes_ads1198_screen">
      <UniqueIdentifier>9A39DF62-1EA8-1286-D75B-CFC77A980D5A</UniqueIdentifier>
    </Filter>
  </ItemGroup>
  <ItemGroup>
    <ClCompile Include="$(TouchGFXReleasePath)\framework\source\platform\driver\touch\SDL2TouchController.cpp">
      <Filter>Source Files\TouchGFX\platform\driver\touch</Filter>
    </ClCompile>
    <ClCompile Include="$(TouchGFXReleasePath)\framework\source\platform\hal\simulator\sdl2\HALSDL2.cpp">
      <Filter>Source Files\TouchGFX\platform\hal\simulator\sdl2</Filter>
    </ClCompile>
    <ClCompile Include="$(TouchGFXReleasePath)\framework\source\platform\hal\simulator\sdl2\HALSDL2_icon.cpp">
      <Filter>Source Files\TouchGFX\platform\hal\simulator\sdl2</Filter>
    </ClCompile>
    <ClCompile Include="$(TouchGFXReleasePath)\framework\source\platform\hal\simulator\sdl2\OSWrappers.cpp">
      <Filter>Source Files\TouchGFX\platform\hal\simulator\sdl2</Filter>
    </ClCompile>
    <ClCompile Include="$(ApplicationRoot)\simulator\main.cpp">
      <Filter>Source Files\simulator</Filter>
    </ClCompile>
    <ClCompile Include="$(ApplicationRoot)\generated\simulator\src\mainBase.cpp">
      <Filter>Source Files\generated\simulator</Filter>
    </ClCompile>
    <ClCompile Include="..\..\gui\src\common\FrontendApplication.cpp">
      <Filter>Source Files\gui\common</Filter>
    </ClCompile>
    <ClCompile Include="..\..\generated\gui_generated\src\common\FrontendApplicationBase.cpp">
      <Filter>Source Files\generated\gui_generated\common</Filter>
    </ClCompile>
    <ClCompile Include="..\..\gui\src\model\Model.cpp">
      <Filter>Source Files\gui\model</Filter>
    </ClCompile>
    <ClCompile Include="..\..\gui\src\screen1_screen\Screen1Presenter.cpp">
      <Filter>Source Files\gui\screen1_screen</Filter>
    </ClCompile>
    <ClCompile Include="..\..\gui\src\screen1_screen\Screen1View.cpp">
      <Filter>Source Files\gui\screen1_screen</Filter>
    </ClCompile>
    <ClCompile Include="..\..\generated\gui_generated\src\screen1_screen\Screen1ViewBase.cpp">
      <Filter>Source Files\generated\gui_generated\screen1_screen</Filter>
    </ClCompile>
    <ClCompile Include="..\..\generated\simulator\src\video\SoftwareMJPEGDecoder.cpp">
      <Filter>Source Files\generated\simulator\video</Filter>
    </ClCompile>
    <ClCompile Include="..\..\gui\src\menu_screen\MENUPresenter.cpp">
      <Filter>Source Files\gui\menu_screen</Filter>
    </ClCompile>
    <ClCompile Include="..\..\gui\src\menu_screen\MENUView.cpp">
      <Filter>Source Files\gui\menu_screen</Filter>
    </ClCompile>
    <ClCompile Include="..\..\generated\gui_generated\src\menu_screen\MENUViewBase.cpp">
      <Filter>Source Files\generated\gui_generated\menu_screen</Filter>
    </ClCompile>
    <ClCompile Include="..\..\gui\src\screen2_screen\Screen2Presenter.cpp">
      <Filter>Source Files\gui\screen2_screen</Filter>
    </ClCompile>
    <ClCompile Include="..\..\gui\src\screen2_screen\Screen2View.cpp">
      <Filter>Source Files\gui\screen2_screen</Filter>
    </ClCompile>
    <ClCompile Include="..\..\generated\gui_generated\src\screen2_screen\Screen2ViewBase.cpp">
      <Filter>Source Files\generated\gui_generated\screen2_screen</Filter>
    </ClCompile>
    <ClCompile Include="..\..\gui\src\cadastro_screen\CadastroPresenter.cpp">
      <Filter>Source Files\gui\cadastro_screen</Filter>
    </ClCompile>
    <ClCompile Include="..\..\gui\src\cadastro_screen\CadastroView.cpp">
      <Filter>Source Files\gui\cadastro_screen</Filter>
    </ClCompile>
    <ClCompile Include="..\..\generated\gui_generated\src\cadastro_screen\CadastroViewBase.cpp">
      <Filter>Source Files\generated\gui_generated\cadastro_screen</Filter>
    </ClCompile>
    <ClCompile Include="..\..\gui\src\configuracoes_screen\ConfiguracoesPresenter.cpp">
      <Filter>Source Files\gui\configuracoes_screen</Filter>
    </ClCompile>
    <ClCompile Include="..\..\gui\src\configuracoes_screen\ConfiguracoesView.cpp">
      <Filter>Source Files\gui\configuracoes_screen</Filter>
    </ClCompile>
    <ClCompile Include="..\..\generated\gui_generated\src\configuracoes_screen\ConfiguracoesViewBase.cpp">
      <Filter>Source Files\generated\gui_generated\configuracoes_screen</Filter>
    </ClCompile>
    <ClCompile Include="..\..\gui\src\instrucoes_screen\InstrucoesPresenter.cpp">
      <Filter>Source Files\gui\instrucoes_screen</Filter>
    </ClCompile>
    <ClCompile Include="..\..\gui\src\instrucoes_screen\InstrucoesView.cpp">
      <Filter>Source Files\gui\instrucoes_screen</Filter>
    </ClCompile>
    <ClCompile Include="..\..\generated\gui_generated\src\instrucoes_screen\InstrucoesViewBase.cpp">
      <Filter>Source Files\generated\gui_generated\instrucoes_screen</Filter>
    </ClCompile>
    <ClCompile Include="..\..\gui\src\containers\ContainerListaDeInstrucoes.cpp">
      <Filter>Source Files\gui\containers</Filter>
    </ClCompile>
    <ClCompile Include="..\..\generated\gui_generated\src\containers\ContainerListaDeInstrucoesBase.cpp">
      <Filter>Source Files\generated\gui_generated\containers</Filter>
    </ClCompile>
    <ClCompile Include="..\..\gui\src\containers\ContainerConexaoWIFI.cpp">
      <Filter>Source Files\gui\containers</Filter>
    </ClCompile>
    <ClCompile Include="..\..\generated\gui_generated\src\containers\ContainerConexaoWIFIBase.cpp">
      <Filter>Source Files\generated\gui_generated\containers</Filter>
    </ClCompile>
    <ClCompile Include="..\..\gui\src\screenkeyboard_screen\ScreenKeyboardPresenter.cpp">
      <Filter>Source Files\gui\screenkeyboard_screen</Filter>
    </ClCompile>
    <ClCompile Include="..\..\gui\src\screenkeyboard_screen\ScreenKeyboardView.cpp">
      <Filter>Source Files\gui\screenkeyboard_screen</Filter>
    </ClCompile>
    <ClCompile Include="..\..\generated\gui_generated\src\screenkeyboard_screen\ScreenKeyboardViewBase.cpp">
      <Filter>Source Files\generated\gui_generated\screenkeyboard_screen</Filter>
    </ClCompile>
    <ClCompile Include="..\..\gui\src\common\CustomKeyboard.cpp">
      <Filter>Source Files\gui\common</Filter>
    </ClCompile>
    <ClCompile Include="..\..\gui\src\containers\ContainerLoadingAnimation.cpp">
      <Filter>Source Files\gui\containers</Filter>
    </ClCompile>
    <ClCompile Include="..\..\generated\gui_generated\src\containers\ContainerLoadingAnimationBase.cpp">
      <Filter>Source Files\generated\gui_generated\containers</Filter>
    </ClCompile>
    <ClCompile Include="..\..\gui\src\containers\ContainerPopup.cpp">
      <Filter>Source Files\gui\containers</Filter>
    </ClCompile>
    <ClCompile Include="..\..\generated\gui_generated\src\containers\ContainerPopupBase.cpp">
      <Filter>Source Files\generated\gui_generated\containers</Filter>
    </ClCompile>
    <ClCompile Include="..\..\gui\src\novopaciente_screen\NovoPacientePresenter.cpp">
      <Filter>Source Files\gui\novopaciente_screen</Filter>
    </ClCompile>
    <ClCompile Include="..\..\gui\src\novopaciente_screen\NovoPacienteView.cpp">
      <Filter>Source Files\gui\novopaciente_screen</Filter>
    </ClCompile>
    <ClCompile Include="..\..\generated\gui_generated\src\novopaciente_screen\NovoPacienteViewBase.cpp">
      <Filter>Source Files\generated\gui_generated\novopaciente_screen</Filter>
    </ClCompile>
    <ClCompile Include="..\..\gui\src\containers\ContainerBatteryCharge.cpp">
      <Filter>Source Files\gui\containers</Filter>
    </ClCompile>
    <ClCompile Include="..\..\generated\gui_generated\src\containers\ContainerBatteryChargeBase.cpp">
      <Filter>Source Files\generated\gui_generated\containers</Filter>
    </ClCompile>
    <ClCompile Include="..\..\gui\src\configuracoes_ads1198_screen\Configuracoes_ADS1198Presenter.cpp">
      <Filter>Source Files\gui\configuracoes_ads1198_screen</Filter>
    </ClCompile>
    <ClCompile Include="..\..\gui\src\configuracoes_ads1198_screen\Configuracoes_ADS1198View.cpp">
      <Filter>Source Files\gui\configuracoes_ads1198_screen</Filter>
    </ClCompile>
    <ClCompile Include="..\..\generated\gui_generated\src\configuracoes_ads1198_screen\Configuracoes_ADS1198ViewBase.cpp">
      <Filter>Source Files\generated\gui_generated\configuracoes_ads1198_screen</Filter>
    </ClCompile>
    <ClCompile Include="..\..\gui\src\configuracoes_extras_screen\Configuracoes_ExtrasPresenter.cpp">
      <Filter>Source Files\gui\configuracoes_extras_screen</Filter>
    </ClCompile>
    <ClCompile Include="..\..\gui\src\configuracoes_extras_screen\Configuracoes_ExtrasView.cpp">
      <Filter>Source Files\gui\configuracoes_extras_screen</Filter>
    </ClCompile>
    <ClCompile Include="..\..\generated\gui_generated\src\configuracoes_extras_screen\Configuracoes_ExtrasViewBase.cpp">
      <Filter>Source Files\generated\gui_generated\configuracoes_extras_screen</Filter>
    </ClCompile>
    <ClCompile Include="..\..\gui\src\containers\ContainerLOFFMatrix.cpp">
      <Filter>Source Files\gui\containers</Filter>
    </ClCompile>
    <ClCompile Include="..\..\generated\gui_generated\src\containers\ContainerLOFFMatrixBase.cpp">
      <Filter>Source Files\generated\gui_generated\containers</Filter>
    </ClCompile>
  </ItemGroup>
  <ItemGroup>
    <None Include="$(ApplicationRoot)\assets\texts\texts.xml">
      <Filter>Resource Files\assets\texts</Filter>
    </None>
    <None Include="$(ApplicationRoot)\config\msvs\Application.props">
      <Filter>Resource Files\config\msvs</Filter>
    </None>
  </ItemGroup>
  <ItemGroup>
    <ClInclude Include="$(TouchGFXReleasePath)\framework\include\common\AbstractPartition.hpp">
      <Filter>Header Files\TouchGFX\common</Filter>
    </ClInclude>
    <ClInclude Include="$(TouchGFXReleasePath)\framework\include\common\Meta.hpp">
      <Filter>Header Files\TouchGFX\common</Filter>
    </ClInclude>
    <ClInclude Include="$(TouchGFXReleasePath)\framework\include\common\Partition.hpp">
      <Filter>Header Files\TouchGFX\common</Filter>
    </ClInclude>
    <ClInclude Include="$(TouchGFXReleasePath)\framework\include\common\TouchGFXInit.hpp">
      <Filter>Header Files\TouchGFX\common</Filter>
    </ClInclude>
    <ClInclude Include="$(TouchGFXReleasePath)\framework\include\mvp\MVPApplication.hpp">
      <Filter>Header Files\TouchGFX\mvp</Filter>
    </ClInclude>
    <ClInclude Include="$(TouchGFXReleasePath)\framework\include\mvp\MVPHeap.hpp">
      <Filter>Header Files\TouchGFX\mvp</Filter>
    </ClInclude>
    <ClInclude Include="$(TouchGFXReleasePath)\framework\include\mvp\Presenter.hpp">
      <Filter>Header Files\TouchGFX\mvp</Filter>
    </ClInclude>
    <ClInclude Include="$(TouchGFXReleasePath)\framework\include\mvp\View.hpp">
      <Filter>Header Files\TouchGFX\mvp</Filter>
    </ClInclude>
    <ClInclude Include="$(TouchGFXReleasePath)\framework\include\platform\driver\lcd\LCD16bpp.hpp">
      <Filter>Header Files\TouchGFX\platform\driver\lcd</Filter>
    </ClInclude>
    <ClInclude Include="$(TouchGFXReleasePath)\framework\include\platform\driver\lcd\LCD1bpp.hpp">
      <Filter>Header Files\TouchGFX\platform\driver\lcd</Filter>
    </ClInclude>
    <ClInclude Include="$(TouchGFXReleasePath)\framework\include\platform\driver\lcd\LCD24bpp.hpp">
      <Filter>Header Files\TouchGFX\platform\driver\lcd</Filter>
    </ClInclude>
    <ClInclude Include="$(TouchGFXReleasePath)\framework\include\platform\driver\lcd\LCD2bpp.hpp">
      <Filter>Header Files\TouchGFX\platform\driver\lcd</Filter>
    </ClInclude>
    <ClInclude Include="$(TouchGFXReleasePath)\framework\include\platform\driver\lcd\LCD4bpp.hpp">
      <Filter>Header Files\TouchGFX\platform\driver\lcd</Filter>
    </ClInclude>
    <ClInclude Include="$(TouchGFXReleasePath)\framework\include\platform\driver\touch\SDL2TouchController.hpp">
      <Filter>Header Files\TouchGFX\platform\driver\touch</Filter>
    </ClInclude>
    <ClInclude Include="$(TouchGFXReleasePath)\framework\include\platform\hal\simulator\sdl2\HALSDL2.hpp">
      <Filter>Header Files\TouchGFX\platform\hal\simulator\sdl2</Filter>
    </ClInclude>
    <ClInclude Include="$(TouchGFXReleasePath)\framework\include\touchgfx\Application.hpp">
      <Filter>Header Files\TouchGFX\touchgfx</Filter>
    </ClInclude>
    <ClInclude Include="$(TouchGFXReleasePath)\framework\include\touchgfx\Bitmap.hpp">
      <Filter>Header Files\TouchGFX\touchgfx</Filter>
    </ClInclude>
    <ClInclude Include="$(TouchGFXReleasePath)\framework\include\touchgfx\Callback.hpp">
      <Filter>Header Files\TouchGFX\touchgfx</Filter>
    </ClInclude>
    <ClInclude Include="$(TouchGFXReleasePath)\framework\include\touchgfx\canvas_widget_renderer\CanvasWidgetRenderer.hpp">
      <Filter>Header Files\TouchGFX\touchgfx\canvas_widget_renderer</Filter>
    </ClInclude>
    <ClInclude Include="$(TouchGFXReleasePath)\framework\include\touchgfx\canvas_widget_renderer\Cell.hpp">
      <Filter>Header Files\TouchGFX\touchgfx\canvas_widget_renderer</Filter>
    </ClInclude>
    <ClInclude Include="$(TouchGFXReleasePath)\framework\include\touchgfx\canvas_widget_renderer\Outline.hpp">
      <Filter>Header Files\TouchGFX\touchgfx\canvas_widget_renderer</Filter>
    </ClInclude>
    <ClInclude Include="$(TouchGFXReleasePath)\framework\include\touchgfx\canvas_widget_renderer\Rasterizer.hpp">
      <Filter>Header Files\TouchGFX\touchgfx\canvas_widget_renderer</Filter>
    </ClInclude>
    <ClInclude Include="$(TouchGFXReleasePath)\framework\include\touchgfx\canvas_widget_renderer\Renderer.hpp">
      <Filter>Header Files\TouchGFX\touchgfx\canvas_widget_renderer</Filter>
    </ClInclude>
    <ClInclude Include="$(TouchGFXReleasePath)\framework\include\touchgfx\canvas_widget_renderer\RenderingBuffer.hpp">
      <Filter>Header Files\TouchGFX\touchgfx\canvas_widget_renderer</Filter>
    </ClInclude>
    <ClInclude Include="$(TouchGFXReleasePath)\framework\include\touchgfx\canvas_widget_renderer\RGBA8.hpp">
      <Filter>Header Files\TouchGFX\touchgfx\canvas_widget_renderer</Filter>
    </ClInclude>
    <ClInclude Include="$(TouchGFXReleasePath)\framework\include\touchgfx\canvas_widget_renderer\Scanline.hpp">
      <Filter>Header Files\TouchGFX\touchgfx\canvas_widget_renderer</Filter>
    </ClInclude>
    <ClInclude Include="$(TouchGFXReleasePath)\framework\include\touchgfx\Color.hpp">
      <Filter>Header Files\TouchGFX\touchgfx</Filter>
    </ClInclude>
    <ClInclude Include="$(TouchGFXReleasePath)\framework\include\touchgfx\ConstFont.hpp">
      <Filter>Header Files\TouchGFX\touchgfx</Filter>
    </ClInclude>
    <ClInclude Include="$(TouchGFXReleasePath)\framework\include\touchgfx\containers\clock\AbstractClock.hpp">
      <Filter>Header Files\TouchGFX\touchgfx\containers\clock</Filter>
    </ClInclude>
    <ClInclude Include="$(TouchGFXReleasePath)\framework\include\touchgfx\containers\clock\AnalogClock.hpp">
      <Filter>Header Files\TouchGFX\touchgfx\containers\clock</Filter>
    </ClInclude>
    <ClInclude Include="$(TouchGFXReleasePath)\framework\include\touchgfx\containers\clock\DigitalClock.hpp">
      <Filter>Header Files\TouchGFX\touchgfx\containers\clock</Filter>
    </ClInclude>
    <ClInclude Include="$(TouchGFXReleasePath)\framework\include\touchgfx\containers\Container.hpp">
      <Filter>Header Files\TouchGFX\touchgfx\containers</Filter>
    </ClInclude>
    <ClInclude Include="$(TouchGFXReleasePath)\framework\include\touchgfx\containers\ListLayout.hpp">
      <Filter>Header Files\TouchGFX\touchgfx\containers</Filter>
    </ClInclude>
    <ClInclude Include="$(TouchGFXReleasePath)\framework\include\touchgfx\containers\ModalWindow.hpp">
      <Filter>Header Files\TouchGFX\touchgfx\containers</Filter>
    </ClInclude>
    <ClInclude Include="$(TouchGFXReleasePath)\framework\include\touchgfx\containers\progress_indicators\AbstractDirectionProgress.hpp">
      <Filter>Header Files\TouchGFX\touchgfx\containers\progress_indicators</Filter>
    </ClInclude>
    <ClInclude Include="$(TouchGFXReleasePath)\framework\include\touchgfx\containers\progress_indicators\AbstractProgressIndicator.hpp">
      <Filter>Header Files\TouchGFX\touchgfx\containers\progress_indicators</Filter>
    </ClInclude>
    <ClInclude Include="$(TouchGFXReleasePath)\framework\include\touchgfx\containers\progress_indicators\BoxProgress.hpp">
      <Filter>Header Files\TouchGFX\touchgfx\containers\progress_indicators</Filter>
    </ClInclude>
    <ClInclude Include="$(TouchGFXReleasePath)\framework\include\touchgfx\containers\progress_indicators\CircleProgress.hpp">
      <Filter>Header Files\TouchGFX\touchgfx\containers\progress_indicators</Filter>
    </ClInclude>
    <ClInclude Include="$(TouchGFXReleasePath)\framework\include\touchgfx\containers\progress_indicators\ImageProgress.hpp">
      <Filter>Header Files\TouchGFX\touchgfx\containers\progress_indicators</Filter>
    </ClInclude>
    <ClInclude Include="$(TouchGFXReleasePath)\framework\include\touchgfx\containers\progress_indicators\LineProgress.hpp">
      <Filter>Header Files\TouchGFX\touchgfx\containers\progress_indicators</Filter>
    </ClInclude>
    <ClInclude Include="$(TouchGFXReleasePath)\framework\include\touchgfx\containers\progress_indicators\TextProgress.hpp">
      <Filter>Header Files\TouchGFX\touchgfx\containers\progress_indicators</Filter>
    </ClInclude>
    <ClInclude Include="$(TouchGFXReleasePath)\framework\include\touchgfx\containers\ScrollableContainer.hpp">
      <Filter>Header Files\TouchGFX\touchgfx\containers</Filter>
    </ClInclude>
    <ClInclude Include="$(TouchGFXReleasePath)\framework\include\touchgfx\containers\SlideMenu.hpp">
      <Filter>Header Files\TouchGFX\touchgfx\containers</Filter>
    </ClInclude>
    <ClInclude Include="$(TouchGFXReleasePath)\framework\include\touchgfx\containers\Slider.hpp">
      <Filter>Header Files\TouchGFX\touchgfx\containers</Filter>
    </ClInclude>
    <ClInclude Include="$(TouchGFXReleasePath)\framework\include\touchgfx\containers\ZoomAnimationImage.hpp">
      <Filter>Header Files\TouchGFX\touchgfx\containers</Filter>
    </ClInclude>
    <ClInclude Include="$(TouchGFXReleasePath)\framework\include\touchgfx\Drawable.hpp">
      <Filter>Header Files\TouchGFX\touchgfx</Filter>
    </ClInclude>
    <ClInclude Include="$(TouchGFXReleasePath)\framework\include\touchgfx\EasingEquations.hpp">
      <Filter>Header Files\TouchGFX\touchgfx</Filter>
    </ClInclude>
    <ClInclude Include="$(TouchGFXReleasePath)\framework\include\touchgfx\Event.hpp">
      <Filter>Header Files\TouchGFX\touchgfx</Filter>
    </ClInclude>
    <ClInclude Include="$(TouchGFXReleasePath)\framework\include\touchgfx\events\ClickEvent.hpp">
      <Filter>Header Files\TouchGFX\touchgfx\events</Filter>
    </ClInclude>
    <ClInclude Include="$(TouchGFXReleasePath)\framework\include\touchgfx\events\DragEvent.hpp">
      <Filter>Header Files\TouchGFX\touchgfx\events</Filter>
    </ClInclude>
    <ClInclude Include="$(TouchGFXReleasePath)\framework\include\touchgfx\events\GestureEvent.hpp">
      <Filter>Header Files\TouchGFX\touchgfx\events</Filter>
    </ClInclude>
    <ClInclude Include="$(TouchGFXReleasePath)\framework\include\touchgfx\Font.hpp">
      <Filter>Header Files\TouchGFX\touchgfx</Filter>
    </ClInclude>
    <ClInclude Include="$(TouchGFXReleasePath)\framework\include\touchgfx\FontManager.hpp">
      <Filter>Header Files\TouchGFX\touchgfx</Filter>
    </ClInclude>
    <ClInclude Include="$(TouchGFXReleasePath)\framework\include\touchgfx\hal\Atomic.hpp">
      <Filter>Header Files\TouchGFX\touchgfx\hal</Filter>
    </ClInclude>
    <ClInclude Include="$(TouchGFXReleasePath)\framework\include\touchgfx\hal\BlitOp.hpp">
      <Filter>Header Files\TouchGFX\touchgfx\hal</Filter>
    </ClInclude>
    <ClInclude Include="$(TouchGFXReleasePath)\framework\include\touchgfx\hal\BoardConfiguration.hpp">
      <Filter>Header Files\TouchGFX\touchgfx\hal</Filter>
    </ClInclude>
    <ClInclude Include="$(TouchGFXReleasePath)\framework\include\touchgfx\hal\Buttons.hpp">
      <Filter>Header Files\TouchGFX\touchgfx\hal</Filter>
    </ClInclude>
    <ClInclude Include="$(TouchGFXReleasePath)\framework\include\touchgfx\hal\Config.hpp">
      <Filter>Header Files\TouchGFX\touchgfx\hal</Filter>
    </ClInclude>
    <ClInclude Include="$(TouchGFXReleasePath)\framework\include\touchgfx\hal\DMA.hpp">
      <Filter>Header Files\TouchGFX\touchgfx\hal</Filter>
    </ClInclude>
    <ClInclude Include="$(TouchGFXReleasePath)\framework\include\touchgfx\hal\Gestures.hpp">
      <Filter>Header Files\TouchGFX\touchgfx\hal</Filter>
    </ClInclude>
    <ClInclude Include="$(TouchGFXReleasePath)\framework\include\touchgfx\hal\GPIO.hpp">
      <Filter>Header Files\TouchGFX\touchgfx\hal</Filter>
    </ClInclude>
    <ClInclude Include="$(TouchGFXReleasePath)\framework\include\touchgfx\hal\HAL.hpp">
      <Filter>Header Files\TouchGFX\touchgfx\hal</Filter>
    </ClInclude>
    <ClInclude Include="$(TouchGFXReleasePath)\framework\include\touchgfx\hal\LED.hpp">
      <Filter>Header Files\TouchGFX\touchgfx\hal</Filter>
    </ClInclude>
    <ClInclude Include="$(TouchGFXReleasePath)\framework\include\touchgfx\hal\NoDMA.hpp">
      <Filter>Header Files\TouchGFX\touchgfx\hal</Filter>
    </ClInclude>
    <ClInclude Include="$(TouchGFXReleasePath)\framework\include\touchgfx\hal\OSWrappers.hpp">
      <Filter>Header Files\TouchGFX\touchgfx\hal</Filter>
    </ClInclude>
    <ClInclude Include="$(TouchGFXReleasePath)\framework\include\touchgfx\hal\Types.hpp">
      <Filter>Header Files\TouchGFX\touchgfx\hal</Filter>
    </ClInclude>
    <ClInclude Include="$(TouchGFXReleasePath)\framework\include\touchgfx\InternalFlashFont.hpp">
      <Filter>Header Files\TouchGFX\touchgfx</Filter>
    </ClInclude>
    <ClInclude Include="$(TouchGFXReleasePath)\framework\include\touchgfx\JSMOCHelper.hpp">
      <Filter>Header Files\TouchGFX\touchgfx</Filter>
    </ClInclude>
    <ClInclude Include="$(TouchGFXReleasePath)\framework\include\touchgfx\lcd\LCD.hpp">
      <Filter>Header Files\TouchGFX\touchgfx\lcd</Filter>
    </ClInclude>
    <ClInclude Include="$(TouchGFXReleasePath)\framework\include\touchgfx\Math3D.hpp">
      <Filter>Header Files\TouchGFX\touchgfx</Filter>
    </ClInclude>
    <ClInclude Include="$(TouchGFXReleasePath)\framework\include\touchgfx\mixins\ClickListener.hpp">
      <Filter>Header Files\TouchGFX\touchgfx\mixins</Filter>
    </ClInclude>
    <ClInclude Include="$(TouchGFXReleasePath)\framework\include\touchgfx\mixins\Draggable.hpp">
      <Filter>Header Files\TouchGFX\touchgfx\mixins</Filter>
    </ClInclude>
    <ClInclude Include="$(TouchGFXReleasePath)\framework\include\touchgfx\mixins\FadeAnimator.hpp">
      <Filter>Header Files\TouchGFX\touchgfx\mixins</Filter>
    </ClInclude>
    <ClInclude Include="$(TouchGFXReleasePath)\framework\include\touchgfx\mixins\MoveAnimator.hpp">
      <Filter>Header Files\TouchGFX\touchgfx\mixins</Filter>
    </ClInclude>
    <ClInclude Include="$(TouchGFXReleasePath)\framework\include\touchgfx\mixins\PreRenderable.hpp">
      <Filter>Header Files\TouchGFX\touchgfx\mixins</Filter>
    </ClInclude>
    <ClInclude Include="$(TouchGFXReleasePath)\framework\include\touchgfx\mixins\Snapper.hpp">
      <Filter>Header Files\TouchGFX\touchgfx\mixins</Filter>
    </ClInclude>
    <ClInclude Include="$(TouchGFXReleasePath)\framework\include\touchgfx\Screen.hpp">
      <Filter>Header Files\TouchGFX\touchgfx</Filter>
    </ClInclude>
    <ClInclude Include="$(TouchGFXReleasePath)\framework\include\touchgfx\TextProvider.hpp">
      <Filter>Header Files\TouchGFX\touchgfx</Filter>
    </ClInclude>
    <ClInclude Include="$(TouchGFXReleasePath)\framework\include\touchgfx\Texts.hpp">
      <Filter>Header Files\TouchGFX\touchgfx</Filter>
    </ClInclude>
    <ClInclude Include="$(TouchGFXReleasePath)\framework\include\touchgfx\TextureMapTypes.hpp">
      <Filter>Header Files\TouchGFX\touchgfx</Filter>
    </ClInclude>
    <ClInclude Include="$(TouchGFXReleasePath)\framework\include\touchgfx\transforms\DisplayTransformation.hpp">
      <Filter>Header Files\TouchGFX\touchgfx\transforms</Filter>
    </ClInclude>
    <ClInclude Include="$(TouchGFXReleasePath)\framework\include\touchgfx\transforms\TouchCalibration.hpp">
      <Filter>Header Files\TouchGFX\touchgfx\transforms</Filter>
    </ClInclude>
    <ClInclude Include="$(TouchGFXReleasePath)\framework\include\touchgfx\transitions\NoTransition.hpp">
      <Filter>Header Files\TouchGFX\touchgfx\transitions</Filter>
    </ClInclude>
    <ClInclude Include="$(TouchGFXReleasePath)\framework\include\touchgfx\transitions\SlideTransition.hpp">
      <Filter>Header Files\TouchGFX\touchgfx\transitions</Filter>
    </ClInclude>
    <ClInclude Include="$(TouchGFXReleasePath)\framework\include\touchgfx\transitions\Transition.hpp">
      <Filter>Header Files\TouchGFX\touchgfx\transitions</Filter>
    </ClInclude>
    <ClInclude Include="$(TouchGFXReleasePath)\framework\include\touchgfx\TypedText.hpp">
      <Filter>Header Files\TouchGFX\touchgfx</Filter>
    </ClInclude>
    <ClInclude Include="$(TouchGFXReleasePath)\framework\include\touchgfx\UIEventListener.hpp">
      <Filter>Header Files\TouchGFX\touchgfx</Filter>
    </ClInclude>
    <ClInclude Include="$(TouchGFXReleasePath)\framework\include\touchgfx\Unicode.hpp">
      <Filter>Header Files\TouchGFX\touchgfx</Filter>
    </ClInclude>
    <ClInclude Include="$(TouchGFXReleasePath)\framework\include\touchgfx\Utils.hpp">
      <Filter>Header Files\TouchGFX\touchgfx</Filter>
    </ClInclude>
    <ClInclude Include="$(TouchGFXReleasePath)\framework\include\touchgfx\widgets\AbstractButton.hpp">
      <Filter>Header Files\TouchGFX\touchgfx\widgets</Filter>
    </ClInclude>
    <ClInclude Include="$(TouchGFXReleasePath)\framework\include\touchgfx\widgets\AnimatedImage.hpp">
      <Filter>Header Files\TouchGFX\touchgfx\widgets</Filter>
    </ClInclude>
    <ClInclude Include="$(TouchGFXReleasePath)\framework\include\touchgfx\widgets\AnimationTextureMapper.hpp">
      <Filter>Header Files\TouchGFX\touchgfx\widgets</Filter>
    </ClInclude>
    <ClInclude Include="$(TouchGFXReleasePath)\framework\include\touchgfx\widgets\Box.hpp">
      <Filter>Header Files\TouchGFX\touchgfx\widgets</Filter>
    </ClInclude>
    <ClInclude Include="$(TouchGFXReleasePath)\framework\include\touchgfx\widgets\Button.hpp">
      <Filter>Header Files\TouchGFX\touchgfx\widgets</Filter>
    </ClInclude>
    <ClInclude Include="$(TouchGFXReleasePath)\framework\include\touchgfx\widgets\ButtonWithIcon.hpp">
      <Filter>Header Files\TouchGFX\touchgfx\widgets</Filter>
    </ClInclude>
    <ClInclude Include="$(TouchGFXReleasePath)\framework\include\touchgfx\widgets\ButtonWithLabel.hpp">
      <Filter>Header Files\TouchGFX\touchgfx\widgets</Filter>
    </ClInclude>
    <ClInclude Include="$(TouchGFXReleasePath)\framework\include\touchgfx\widgets\canvas\AbstractPainter.hpp">
      <Filter>Header Files\TouchGFX\touchgfx\widgets\canvas</Filter>
    </ClInclude>
    <ClInclude Include="$(TouchGFXReleasePath)\framework\include\touchgfx\widgets\canvas\AbstractPainterBW.hpp">
      <Filter>Header Files\TouchGFX\touchgfx\widgets\canvas</Filter>
    </ClInclude>
    <ClInclude Include="$(TouchGFXReleasePath)\framework\include\touchgfx\widgets\canvas\AbstractPainterGRAY2.hpp">
      <Filter>Header Files\TouchGFX\touchgfx\widgets\canvas</Filter>
    </ClInclude>
    <ClInclude Include="$(TouchGFXReleasePath)\framework\include\touchgfx\widgets\canvas\AbstractPainterGRAY4.hpp">
      <Filter>Header Files\TouchGFX\touchgfx\widgets\canvas</Filter>
    </ClInclude>
    <ClInclude Include="$(TouchGFXReleasePath)\framework\include\touchgfx\widgets\canvas\AbstractPainterRGB565.hpp">
      <Filter>Header Files\TouchGFX\touchgfx\widgets\canvas</Filter>
    </ClInclude>
    <ClInclude Include="$(TouchGFXReleasePath)\framework\include\touchgfx\widgets\canvas\AbstractPainterRGB888.hpp">
      <Filter>Header Files\TouchGFX\touchgfx\widgets\canvas</Filter>
    </ClInclude>
    <ClInclude Include="$(TouchGFXReleasePath)\framework\include\touchgfx\widgets\canvas\AbstractShape.hpp">
      <Filter>Header Files\TouchGFX\touchgfx\widgets\canvas</Filter>
    </ClInclude>
    <ClInclude Include="$(TouchGFXReleasePath)\framework\include\touchgfx\widgets\canvas\Canvas.hpp">
      <Filter>Header Files\TouchGFX\touchgfx\widgets\canvas</Filter>
    </ClInclude>
    <ClInclude Include="$(TouchGFXReleasePath)\framework\include\touchgfx\widgets\canvas\CanvasWidget.hpp">
      <Filter>Header Files\TouchGFX\touchgfx\widgets\canvas</Filter>
    </ClInclude>
    <ClInclude Include="$(TouchGFXReleasePath)\framework\include\touchgfx\widgets\canvas\Circle.hpp">
      <Filter>Header Files\TouchGFX\touchgfx\widgets\canvas</Filter>
    </ClInclude>
    <ClInclude Include="$(TouchGFXReleasePath)\framework\include\touchgfx\widgets\canvas\CWRUtil.hpp">
      <Filter>Header Files\TouchGFX\touchgfx\widgets\canvas</Filter>
    </ClInclude>
    <ClInclude Include="$(TouchGFXReleasePath)\framework\include\touchgfx\widgets\canvas\Line.hpp">
      <Filter>Header Files\TouchGFX\touchgfx\widgets\canvas</Filter>
    </ClInclude>
    <ClInclude Include="$(TouchGFXReleasePath)\framework\include\touchgfx\widgets\canvas\PainterBW.hpp">
      <Filter>Header Files\TouchGFX\touchgfx\widgets\canvas</Filter>
    </ClInclude>
    <ClInclude Include="$(TouchGFXReleasePath)\framework\include\touchgfx\widgets\canvas\PainterGRAY2.hpp">
      <Filter>Header Files\TouchGFX\touchgfx\widgets\canvas</Filter>
    </ClInclude>
    <ClInclude Include="$(TouchGFXReleasePath)\framework\include\touchgfx\widgets\canvas\PainterGRAY2Bitmap.hpp">
      <Filter>Header Files\TouchGFX\touchgfx\widgets\canvas</Filter>
    </ClInclude>
    <ClInclude Include="$(TouchGFXReleasePath)\framework\include\touchgfx\widgets\canvas\PainterGRAY4.hpp">
      <Filter>Header Files\TouchGFX\touchgfx\widgets\canvas</Filter>
    </ClInclude>
    <ClInclude Include="$(TouchGFXReleasePath)\framework\include\touchgfx\widgets\canvas\PainterGRAY4Bitmap.hpp">
      <Filter>Header Files\TouchGFX\touchgfx\widgets\canvas</Filter>
    </ClInclude>
    <ClInclude Include="$(TouchGFXReleasePath)\framework\include\touchgfx\widgets\canvas\PainterRGB565.hpp">
      <Filter>Header Files\TouchGFX\touchgfx\widgets\canvas</Filter>
    </ClInclude>
    <ClInclude Include="$(TouchGFXReleasePath)\framework\include\touchgfx\widgets\canvas\PainterRGB565Bitmap.hpp">
      <Filter>Header Files\TouchGFX\touchgfx\widgets\canvas</Filter>
    </ClInclude>
    <ClInclude Include="$(TouchGFXReleasePath)\framework\include\touchgfx\widgets\canvas\PainterRGB888.hpp">
      <Filter>Header Files\TouchGFX\touchgfx\widgets\canvas</Filter>
    </ClInclude>
    <ClInclude Include="$(TouchGFXReleasePath)\framework\include\touchgfx\widgets\canvas\PainterRGB888Bitmap.hpp">
      <Filter>Header Files\TouchGFX\touchgfx\widgets\canvas</Filter>
    </ClInclude>
    <ClInclude Include="$(TouchGFXReleasePath)\framework\include\touchgfx\widgets\canvas\Shape.hpp">
      <Filter>Header Files\TouchGFX\touchgfx\widgets\canvas</Filter>
    </ClInclude>
    <ClInclude Include="$(TouchGFXReleasePath)\framework\include\touchgfx\widgets\Image.hpp">
      <Filter>Header Files\TouchGFX\touchgfx\widgets</Filter>
    </ClInclude>
    <ClInclude Include="$(TouchGFXReleasePath)\framework\include\touchgfx\widgets\Keyboard.hpp">
      <Filter>Header Files\TouchGFX\touchgfx\widgets</Filter>
    </ClInclude>
    <ClInclude Include="$(TouchGFXReleasePath)\framework\include\touchgfx\widgets\PixelDataWidget.hpp">
      <Filter>Header Files\TouchGFX\touchgfx\widgets</Filter>
    </ClInclude>
    <ClInclude Include="$(TouchGFXReleasePath)\framework\include\touchgfx\widgets\RadioButton.hpp">
      <Filter>Header Files\TouchGFX\touchgfx\widgets</Filter>
    </ClInclude>
    <ClInclude Include="$(TouchGFXReleasePath)\framework\include\touchgfx\widgets\RadioButtonGroup.hpp">
      <Filter>Header Files\TouchGFX\touchgfx\widgets</Filter>
    </ClInclude>
    <ClInclude Include="$(TouchGFXReleasePath)\framework\include\touchgfx\widgets\RepeatButton.hpp">
      <Filter>Header Files\TouchGFX\touchgfx\widgets</Filter>
    </ClInclude>
    <ClInclude Include="$(TouchGFXReleasePath)\framework\include\touchgfx\widgets\ScalableImage.hpp">
      <Filter>Header Files\TouchGFX\touchgfx\widgets</Filter>
    </ClInclude>
    <ClInclude Include="$(TouchGFXReleasePath)\framework\include\touchgfx\widgets\SnapshotWidget.hpp">
      <Filter>Header Files\TouchGFX\touchgfx\widgets</Filter>
    </ClInclude>
    <ClInclude Include="$(TouchGFXReleasePath)\framework\include\touchgfx\widgets\TextArea.hpp">
      <Filter>Header Files\TouchGFX\touchgfx\widgets</Filter>
    </ClInclude>
    <ClInclude Include="$(TouchGFXReleasePath)\framework\include\touchgfx\widgets\TextAreaWithWildcard.hpp">
      <Filter>Header Files\TouchGFX\touchgfx\widgets</Filter>
    </ClInclude>
    <ClInclude Include="$(TouchGFXReleasePath)\framework\include\touchgfx\widgets\TextureMapper.hpp">
      <Filter>Header Files\TouchGFX\touchgfx\widgets</Filter>
    </ClInclude>
    <ClInclude Include="$(TouchGFXReleasePath)\framework\include\touchgfx\widgets\TiledImage.hpp">
      <Filter>Header Files\TouchGFX\touchgfx\widgets</Filter>
    </ClInclude>
    <ClInclude Include="$(TouchGFXReleasePath)\framework\include\touchgfx\widgets\ToggleButton.hpp">
      <Filter>Header Files\TouchGFX\touchgfx\widgets</Filter>
    </ClInclude>
    <ClInclude Include="$(TouchGFXReleasePath)\framework\include\touchgfx\widgets\TouchArea.hpp">
      <Filter>Header Files\TouchGFX\touchgfx\widgets</Filter>
    </ClInclude>
    <ClInclude Include="$(TouchGFXReleasePath)\framework\include\touchgfx\widgets\Widget.hpp">
      <Filter>Header Files\TouchGFX\touchgfx\widgets</Filter>
    </ClInclude>
    <ClInclude Include="$(ApplicationRoot)\generated\simulator\include\simulator\mainBase.hpp">
      <Filter>Header Files\generated\simulator</Filter>
    </ClInclude>
    <ClInclude Include="..\..\generated\simulator\include\simulator\video\DirectFrameBufferVideoController.hpp">
      <Filter>Header Files\generated\simulator\include\simulator\video</Filter>
    </ClInclude>
    <ClInclude Include="..\..\gui\include\gui\common\FrontendApplication.hpp">
      <Filter>Header Files\gui\common</Filter>
    </ClInclude>
    <ClInclude Include="..\..\generated\gui_generated\include\gui_generated\common\FrontendApplicationBase.hpp">
      <Filter>Header Files\generated\gui_generated\common</Filter>
    </ClInclude>
    <ClInclude Include="..\..\gui\include\gui\common\FrontendHeap.hpp">
      <Filter>Header Files\gui\common</Filter>
    </ClInclude>
    <ClInclude Include="..\..\generated\gui_generated\include\gui_generated\common\FrontendHeapBase.hpp">
      <Filter>Header Files\generated\gui_generated\common</Filter>
    </ClInclude>
    <ClInclude Include="..\..\generated\simulator\include\simulator\video\MJPEGDecoder.hpp">
      <Filter>Header Files\generated\simulator\include\simulator\video</Filter>
    </ClInclude>
    <ClInclude Include="..\..\gui\include\gui\model\Model.hpp">
      <Filter>Header Files\gui\model</Filter>
    </ClInclude>
    <ClInclude Include="..\..\gui\include\gui\model\ModelListener.hpp">
      <Filter>Header Files\gui\model</Filter>
    </ClInclude>
    <ClInclude Include="..\..\gui\include\gui\screen1_screen\Screen1Presenter.hpp">
      <Filter>Header Files\gui\screen1_screen</Filter>
    </ClInclude>
    <ClInclude Include="..\..\gui\include\gui\screen1_screen\Screen1View.hpp">
      <Filter>Header Files\gui\screen1_screen</Filter>
    </ClInclude>
    <ClInclude Include="..\..\generated\gui_generated\include\gui_generated\screen1_screen\Screen1ViewBase.hpp">
      <Filter>Header Files\generated\gui_generated\screen1_screen</Filter>
    </ClInclude>
    <ClInclude Include="..\..\generated\gui_generated\include\gui_generated\common\SimConstants.hpp">
      <Filter>Header Files\generated\gui_generated\common</Filter>
    </ClInclude>
    <ClInclude Include="..\..\generated\simulator\include\simulator\video\SoftwareMJPEGDecoder.hpp">
      <Filter>Header Files\generated\simulator\include\simulator\video</Filter>
    </ClInclude>
    <ClInclude Include="..\..\gui\include\gui\menu_screen\MENUPresenter.hpp">
      <Filter>Header Files\gui\menu_screen</Filter>
    </ClInclude>
    <ClInclude Include="..\..\gui\include\gui\menu_screen\MENUView.hpp">
      <Filter>Header Files\gui\menu_screen</Filter>
    </ClInclude>
    <ClInclude Include="..\..\generated\gui_generated\include\gui_generated\menu_screen\MENUViewBase.hpp">
      <Filter>Header Files\generated\gui_generated\menu_screen</Filter>
    </ClInclude>
    <ClInclude Include="..\..\gui\include\gui\screen2_screen\Screen2Presenter.hpp">
      <Filter>Header Files\gui\screen2_screen</Filter>
    </ClInclude>
    <ClInclude Include="..\..\gui\include\gui\screen2_screen\Screen2View.hpp">
      <Filter>Header Files\gui\screen2_screen</Filter>
    </ClInclude>
    <ClInclude Include="..\..\generated\gui_generated\include\gui_generated\screen2_screen\Screen2ViewBase.hpp">
      <Filter>Header Files\generated\gui_generated\screen2_screen</Filter>
    </ClInclude>
    <ClInclude Include="..\..\gui\include\gui\cadastro_screen\CadastroPresenter.hpp">
      <Filter>Header Files\gui\cadastro_screen</Filter>
    </ClInclude>
    <ClInclude Include="..\..\gui\include\gui\cadastro_screen\CadastroView.hpp">
      <Filter>Header Files\gui\cadastro_screen</Filter>
    </ClInclude>
    <ClInclude Include="..\..\generated\gui_generated\include\gui_generated\cadastro_screen\CadastroViewBase.hpp">
      <Filter>Header Files\generated\gui_generated\cadastro_screen</Filter>
    </ClInclude>
    <ClInclude Include="..\..\gui\include\gui\configuracoes_screen\ConfiguracoesPresenter.hpp">
      <Filter>Header Files\gui\configuracoes_screen</Filter>
    </ClInclude>
    <ClInclude Include="..\..\gui\include\gui\configuracoes_screen\ConfiguracoesView.hpp">
      <Filter>Header Files\gui\configuracoes_screen</Filter>
    </ClInclude>
    <ClInclude Include="..\..\generated\gui_generated\include\gui_generated\configuracoes_screen\ConfiguracoesViewBase.hpp">
      <Filter>Header Files\generated\gui_generated\configuracoes_screen</Filter>
    </ClInclude>
    <ClInclude Include="..\..\gui\include\gui\instrucoes_screen\InstrucoesPresenter.hpp">
      <Filter>Header Files\gui\instrucoes_screen</Filter>
    </ClInclude>
    <ClInclude Include="..\..\gui\include\gui\instrucoes_screen\InstrucoesView.hpp">
      <Filter>Header Files\gui\instrucoes_screen</Filter>
    </ClInclude>
    <ClInclude Include="..\..\generated\gui_generated\include\gui_generated\instrucoes_screen\InstrucoesViewBase.hpp">
      <Filter>Header Files\generated\gui_generated\instrucoes_screen</Filter>
    </ClInclude>
    <ClInclude Include="..\..\gui\include\gui\containers\ContainerListaDeInstrucoes.hpp">
      <Filter>Header Files\gui\containers</Filter>
    </ClInclude>
    <ClInclude Include="..\..\generated\gui_generated\include\gui_generated\containers\ContainerListaDeInstrucoesBase.hpp">
      <Filter>Header Files\generated\gui_generated\containers</Filter>
    </ClInclude>
    <ClInclude Include="..\..\gui\include\gui\containers\ContainerConexaoWIFI.hpp">
      <Filter>Header Files\gui\containers</Filter>
    </ClInclude>
    <ClInclude Include="..\..\generated\gui_generated\include\gui_generated\containers\ContainerConexaoWIFIBase.hpp">
      <Filter>Header Files\generated\gui_generated\containers</Filter>
    </ClInclude>
    <ClInclude Include="..\..\gui\include\gui\screenkeyboard_screen\ScreenKeyboardPresenter.hpp">
      <Filter>Header Files\gui\screenkeyboard_screen</Filter>
    </ClInclude>
    <ClInclude Include="..\..\gui\include\gui\screenkeyboard_screen\ScreenKeyboardView.hpp">
      <Filter>Header Files\gui\screenkeyboard_screen</Filter>
    </ClInclude>
    <ClInclude Include="..\..\generated\gui_generated\include\gui_generated\screenkeyboard_screen\ScreenKeyboardViewBase.hpp">
      <Filter>Header Files\generated\gui_generated\screenkeyboard_screen</Filter>
    </ClInclude>
    <ClInclude Include="..\..\gui\include\gui\common\CustomKeyboard.hpp">
      <Filter>Header Files\gui\common</Filter>
    </ClInclude>
    <ClInclude Include="..\..\gui\include\gui\common\KeyboardKeyMapping.hpp">
      <Filter>Header Files\gui\common</Filter>
    </ClInclude>
    <ClInclude Include="..\..\gui\include\gui\common\KeyboardLayout.hpp">
      <Filter>Header Files\gui\common</Filter>
    </ClInclude>
    <ClInclude Include="..\..\gui\include\gui\containers\ContainerLoadingAnimation.hpp">
      <Filter>Header Files\gui\containers</Filter>
    </ClInclude>
    <ClInclude Include="..\..\generated\gui_generated\include\gui_generated\containers\ContainerLoadingAnimationBase.hpp">
      <Filter>Header Files\generated\gui_generated\containers</Filter>
    </ClInclude>
    <ClInclude Include="..\..\gui\include\gui\containers\ContainerPopup.hpp">
      <Filter>Header Files\gui\containers</Filter>
    </ClInclude>
    <ClInclude Include="..\..\generated\gui_generated\include\gui_generated\containers\ContainerPopupBase.hpp">
      <Filter>Header Files\generated\gui_generated\containers</Filter>
    </ClInclude>
    <ClInclude Include="..\..\gui\include\gui\novopaciente_screen\NovoPacientePresenter.hpp">
      <Filter>Header Files\gui\novopaciente_screen</Filter>
    </ClInclude>
    <ClInclude Include="..\..\gui\include\gui\novopaciente_screen\NovoPacienteView.hpp">
      <Filter>Header Files\gui\novopaciente_screen</Filter>
    </ClInclude>
    <ClInclude Include="..\..\generated\gui_generated\include\gui_generated\novopaciente_screen\NovoPacienteViewBase.hpp">
      <Filter>Header Files\generated\gui_generated\novopaciente_screen</Filter>
    </ClInclude>
    <ClInclude Include="..\..\gui\include\gui\containers\ContainerBatteryCharge.hpp">
      <Filter>Header Files\gui\containers</Filter>
    </ClInclude>
    <ClInclude Include="..\..\generated\gui_generated\include\gui_generated\containers\ContainerBatteryChargeBase.hpp">
      <Filter>Header Files\generated\gui_generated\containers</Filter>
    </ClInclude>
    <ClInclude Include="..\..\gui\include\gui\configuracoes_ads1198_screen\Configuracoes_ADS1198Presenter.hpp">
      <Filter>Header Files\gui\configuracoes_ads1198_screen</Filter>
    </ClInclude>
    <ClInclude Include="..\..\gui\include\gui\configuracoes_ads1198_screen\Configuracoes_ADS1198View.hpp">
      <Filter>Header Files\gui\configuracoes_ads1198_screen</Filter>
    </ClInclude>
    <ClInclude Include="..\..\generated\gui_generated\include\gui_generated\configuracoes_ads1198_screen\Configuracoes_ADS1198ViewBase.hpp">
      <Filter>Header Files\generated\gui_generated\configuracoes_ads1198_screen</Filter>
    </ClInclude>
    <ClInclude Include="..\..\gui\include\gui\configuracoes_extras_screen\Configuracoes_ExtrasPresenter.hpp">
      <Filter>Header Files\gui\configuracoes_extras_screen</Filter>
    </ClInclude>
    <ClInclude Include="..\..\gui\include\gui\configuracoes_extras_screen\Configuracoes_ExtrasView.hpp">
      <Filter>Header Files\gui\configuracoes_extras_screen</Filter>
    </ClInclude>
    <ClInclude Include="..\..\generated\gui_generated\include\gui_generated\configuracoes_extras_screen\Configuracoes_ExtrasViewBase.hpp">
      <Filter>Header Files\generated\gui_generated\configuracoes_extras_screen</Filter>
    </ClInclude>
    <ClInclude Include="..\..\gui\include\gui\containers\ContainerLOFFMatrix.hpp">
      <Filter>Header Files\gui\containers</Filter>
    </ClInclude>
    <ClInclude Include="..\..\generated\gui_generated\include\gui_generated\containers\ContainerLOFFMatrixBase.hpp">
      <Filter>Header Files\generated\gui_generated\containers</Filter>
    </ClInclude>
  </ItemGroup>
  <ItemGroup>
    <ResourceCompile Include="$(ApplicationRoot)\generated\simulator\touchgfx.rc">
      <Filter>Resource Files</Filter>
    </ResourceCompile>
  </ItemGroup>
</Project>
